
Microsoft Visual Studio Solution File, Format Version 12.00
# Visual Studio Version 16
VisualStudioVersion = 16.0.29519.181
MinimumVisualStudioVersion = 10.0.40219.1
Project("{FAE04EC0-301F-11D3-BF4B-00C04F79EFBC}") = "Exchange.App", "Src\WinApp\Exchange.App\Exchange.App.csproj", "{6B7BD8E4-44F7-439F-B3C0-7316B71D8EF1}"
EndProject
Project("{FAE04EC0-301F-11D3-BF4B-00C04F79EFBC}") = "Exchange.Domain", "Src\Domain\Exchange.Domain\Exchange.Domain.csproj", "{7A4FDD4A-B5BC-4763-A8E2-BBE918CFCD9A}"
EndProject
Project("{2150E333-8FDC-42A3-9474-1A3956D46DE8}") = "Src", "Src", "{EB226482-2550-4CF5-B625-D3CB62557C6E}"
EndProject
Project("{2150E333-8FDC-42A3-9474-1A3956D46DE8}") = "Tests", "Tests", "{A38E1DE2-DDE4-42FE-8A77-E84F7CCED222}"
EndProject
Project("{2150E333-8FDC-42A3-9474-1A3956D46DE8}") = "Docs", "Docs", "{7D8D0BA4-512E-471A-BDFA-C3F85E74D945}"
EndProject
Project("{2150E333-8FDC-42A3-9474-1A3956D46DE8}") = "Domain", "Domain", "{934FE6A2-153E-45A8-B2F6-772F21F60090}"
EndProject
Project("{2150E333-8FDC-42A3-9474-1A3956D46DE8}") = "WinApp", "WinApp", "{60139541-CBC4-4E18-805E-C3BF035C3274}"
EndProject
Project("{2150E333-8FDC-42A3-9474-1A3956D46DE8}") = "Exchange.App", "Exchange.App", "{D6B44074-8E26-406C-8835-D4F76C597B17}"
EndProject
Project("{2150E333-8FDC-42A3-9474-1A3956D46DE8}") = "Exchange.Domain", "Exchange.Domain", "{F4ECCBE1-3F84-4046-9F04-26BB63B7AD9B}"
EndProject
Global
	GlobalSection(SolutionConfigurationPlatforms) = preSolution
		Debug|Any CPU = Debug|Any CPU
		Release|Any CPU = Release|Any CPU
	EndGlobalSection
	GlobalSection(ProjectConfigurationPlatforms) = postSolution
		{6B7BD8E4-44F7-439F-B3C0-7316B71D8EF1}.Debug|Any CPU.ActiveCfg = Debug|Any CPU
		{6B7BD8E4-44F7-439F-B3C0-7316B71D8EF1}.Debug|Any CPU.Build.0 = Debug|Any CPU
		{6B7BD8E4-44F7-439F-B3C0-7316B71D8EF1}.Release|Any CPU.ActiveCfg = Release|Any CPU
		{6B7BD8E4-44F7-439F-B3C0-7316B71D8EF1}.Release|Any CPU.Build.0 = Release|Any CPU
		{7A4FDD4A-B5BC-4763-A8E2-BBE918CFCD9A}.Debug|Any CPU.ActiveCfg = Debug|Any CPU
		{7A4FDD4A-B5BC-4763-A8E2-BBE918CFCD9A}.Debug|Any CPU.Build.0 = Debug|Any CPU
		{7A4FDD4A-B5BC-4763-A8E2-BBE918CFCD9A}.Release|Any CPU.ActiveCfg = Release|Any CPU
		{7A4FDD4A-B5BC-4763-A8E2-BBE918CFCD9A}.Release|Any CPU.Build.0 = Release|Any CPU
	EndGlobalSection
	GlobalSection(SolutionProperties) = preSolution
		HideSolutionNode = FALSE
	EndGlobalSection
	GlobalSection(NestedProjects) = preSolution
		{6B7BD8E4-44F7-439F-B3C0-7316B71D8EF1} = {D6B44074-8E26-406C-8835-D4F76C597B17}
		{7A4FDD4A-B5BC-4763-A8E2-BBE918CFCD9A} = {F4ECCBE1-3F84-4046-9F04-26BB63B7AD9B}
		{934FE6A2-153E-45A8-B2F6-772F21F60090} = {EB226482-2550-4CF5-B625-D3CB62557C6E}
		{60139541-CBC4-4E18-805E-C3BF035C3274} = {EB226482-2550-4CF5-B625-D3CB62557C6E}
		{D6B44074-8E26-406C-8835-D4F76C597B17} = {60139541-CBC4-4E18-805E-C3BF035C3274}
		{F4ECCBE1-3F84-4046-9F04-26BB63B7AD9B} = {934FE6A2-153E-45A8-B2F6-772F21F60090}
	EndGlobalSection
	GlobalSection(ExtensibilityGlobals) = postSolution
		SolutionGuid = {6255DCE0-C14C-486D-9A29-EBDFD6505506}
	EndGlobalSection
EndGlobal
